// !$*UTF8*$!
{
	archiveVersion = 1;
	classes = {
	};
	objectVersion = 56;
	objects = {

/* Begin PBXBuildFile section */
		D5903CC72B76B65C00450DC2 /* MyDinnerApp.swift in Sources */ = {isa = PBXBuildFile; fileRef = D5903CC62B76B65C00450DC2 /* MyDinnerApp.swift */; };
		D5903CCB2B76B65E00450DC2 /* Assets.xcassets in Resources */ = {isa = PBXBuildFile; fileRef = D5903CCA2B76B65E00450DC2 /* Assets.xcassets */; };
		D5903CCE2B76B65E00450DC2 /* Preview Assets.xcassets in Resources */ = {isa = PBXBuildFile; fileRef = D5903CCD2B76B65E00450DC2 /* Preview Assets.xcassets */; };
		D5903CD82B76B65F00450DC2 /* MyDinnerTests.swift in Sources */ = {isa = PBXBuildFile; fileRef = D5903CD72B76B65F00450DC2 /* MyDinnerTests.swift */; };
		D5903CE22B76B65F00450DC2 /* MyDinnerUITests.swift in Sources */ = {isa = PBXBuildFile; fileRef = D5903CE12B76B65F00450DC2 /* MyDinnerUITests.swift */; };
		D5903CE42B76B65F00450DC2 /* MyDinnerUITestsLaunchTests.swift in Sources */ = {isa = PBXBuildFile; fileRef = D5903CE32B76B65F00450DC2 /* MyDinnerUITestsLaunchTests.swift */; };
		D5903CF42B76B72900450DC2 /* ListView.swift in Sources */ = {isa = PBXBuildFile; fileRef = D5903CF32B76B72900450DC2 /* ListView.swift */; };
		D5903CF62B76B73E00450DC2 /* ListRowView.swift in Sources */ = {isa = PBXBuildFile; fileRef = D5903CF52B76B73E00450DC2 /* ListRowView.swift */; };
		D5903CF82B76B75000450DC2 /* AddView.swift in Sources */ = {isa = PBXBuildFile; fileRef = D5903CF72B76B75000450DC2 /* AddView.swift */; };
		D5903CFA2B76B85E00450DC2 /* CategoryModel.swift in Sources */ = {isa = PBXBuildFile; fileRef = D5903CF92B76B85E00450DC2 /* CategoryModel.swift */; };
/* End PBXBuildFile section */

/* Begin PBXContainerItemProxy section */
		D5903CD42B76B65F00450DC2 /* PBXContainerItemProxy */ = {
			isa = PBXContainerItemProxy;
			containerPortal = D5903CBB2B76B65C00450DC2 /* Project object */;
			proxyType = 1;
			remoteGlobalIDString = D5903CC22B76B65C00450DC2;
			remoteInfo = MyDinner;
		};
		D5903CDE2B76B65F00450DC2 /* PBXContainerItemProxy */ = {
			isa = PBXContainerItemProxy;
			containerPortal = D5903CBB2B76B65C00450DC2 /* Project object */;
			proxyType = 1;
			remoteGlobalIDString = D5903CC22B76B65C00450DC2;
			remoteInfo = MyDinner;
		};
/* End PBXContainerItemProxy section */

/* Begin PBXFileReference section */
		D5903CC32B76B65C00450DC2 /* MyDinner.app */ = {isa = PBXFileReference; explicitFileType = wrapper.application; includeInIndex = 0; path = MyDinner.app; sourceTree = BUILT_PRODUCTS_DIR; };
		D5903CC62B76B65C00450DC2 /* MyDinnerApp.swift */ = {isa = PBXFileReference; lastKnownFileType = sourcecode.swift; path = MyDinnerApp.swift; sourceTree = "<group>"; };
		D5903CCA2B76B65E00450DC2 /* Assets.xcassets */ = {isa = PBXFileReference; lastKnownFileType = folder.assetcatalog; path = Assets.xcassets; sourceTree = "<group>"; };
		D5903CCD2B76B65E00450DC2 /* Preview Assets.xcassets */ = {isa = PBXFileReference; lastKnownFileType = folder.assetcatalog; path = "Preview Assets.xcassets"; sourceTree = "<group>"; };
		D5903CD32B76B65F00450DC2 /* MyDinnerTests.xctest */ = {isa = PBXFileReference; explicitFileType = wrapper.cfbundle; includeInIndex = 0; path = MyDinnerTests.xctest; sourceTree = BUILT_PRODUCTS_DIR; };
		D5903CD72B76B65F00450DC2 /* MyDinnerTests.swift */ = {isa = PBXFileReference; lastKnownFileType = sourcecode.swift; path = MyDinnerTests.swift; sourceTree = "<group>"; };
		D5903CDD2B76B65F00450DC2 /* MyDinnerUITests.xctest */ = {isa = PBXFileReference; explicitFileType = wrapper.cfbundle; includeInIndex = 0; path = MyDinnerUITests.xctest; sourceTree = BUILT_PRODUCTS_DIR; };
		D5903CE12B76B65F00450DC2 /* MyDinnerUITests.swift */ = {isa = PBXFileReference; lastKnownFileType = sourcecode.swift; path = MyDinnerUITests.swift; sourceTree = "<group>"; };
		D5903CE32B76B65F00450DC2 /* MyDinnerUITestsLaunchTests.swift */ = {isa = PBXFileReference; lastKnownFileType = sourcecode.swift; path = MyDinnerUITestsLaunchTests.swift; sourceTree = "<group>"; };
		D5903CF32B76B72900450DC2 /* ListView.swift */ = {isa = PBXFileReference; lastKnownFileType = sourcecode.swift; path = ListView.swift; sourceTree = "<group>"; };
		D5903CF52B76B73E00450DC2 /* ListRowView.swift */ = {isa = PBXFileReference; lastKnownFileType = sourcecode.swift; path = ListRowView.swift; sourceTree = "<group>"; };
		D5903CF72B76B75000450DC2 /* AddView.swift */ = {isa = PBXFileReference; lastKnownFileType = sourcecode.swift; path = AddView.swift; sourceTree = "<group>"; };
		D5903CF92B76B85E00450DC2 /* CategoryModel.swift */ = {isa = PBXFileReference; lastKnownFileType = sourcecode.swift; path = CategoryModel.swift; sourceTree = "<group>"; };
/* End PBXFileReference section */

/* Begin PBXFrameworksBuildPhase section */
		D5903CC02B76B65C00450DC2 /* Frameworks */ = {
			isa = PBXFrameworksBuildPhase;
			buildActionMask = 2147483647;
			files = (
			);
			runOnlyForDeploymentPostprocessing = 0;
		};
		D5903CD02B76B65F00450DC2 /* Frameworks */ = {
			isa = PBXFrameworksBuildPhase;
			buildActionMask = 2147483647;
			files = (
			);
			runOnlyForDeploymentPostprocessing = 0;
		};
		D5903CDA2B76B65F00450DC2 /* Frameworks */ = {
			isa = PBXFrameworksBuildPhase;
			buildActionMask = 2147483647;
			files = (
			);
			runOnlyForDeploymentPostprocessing = 0;
		};
/* End PBXFrameworksBuildPhase section */

/* Begin PBXGroup section */
		D5903CBA2B76B65C00450DC2 = {
			isa = PBXGroup;
			children = (
				D5903CC52B76B65C00450DC2 /* MyDinner */,
				D5903CD62B76B65F00450DC2 /* MyDinnerTests */,
				D5903CE02B76B65F00450DC2 /* MyDinnerUITests */,
				D5903CC42B76B65C00450DC2 /* Products */,
			);
			sourceTree = "<group>";
		};
		D5903CC42B76B65C00450DC2 /* Products */ = {
			isa = PBXGroup;
			children = (
				D5903CC32B76B65C00450DC2 /* MyDinner.app */,
				D5903CD32B76B65F00450DC2 /* MyDinnerTests.xctest */,
				D5903CDD2B76B65F00450DC2 /* MyDinnerUITests.xctest */,
			);
			name = Products;
			sourceTree = "<group>";
		};
		D5903CC52B76B65C00450DC2 /* MyDinner */ = {
			isa = PBXGroup;
			children = (
				D5903CC62B76B65C00450DC2 /* MyDinnerApp.swift */,
				D5903CF02B76B68D00450DC2 /* Models */,
				D5903CF12B76B6C500450DC2 /* ViewModels */,
				D5903CF22B76B6CD00450DC2 /* Views */,
				D5903CCA2B76B65E00450DC2 /* Assets.xcassets */,
				D5903CCC2B76B65E00450DC2 /* Preview Content */,
			);
			path = MyDinner;
			sourceTree = "<group>";
		};
		D5903CCC2B76B65E00450DC2 /* Preview Content */ = {
			isa = PBXGroup;
			children = (
				D5903CCD2B76B65E00450DC2 /* Preview Assets.xcassets */,
			);
			path = "Preview Content";
			sourceTree = "<group>";
		};
		D5903CD62B76B65F00450DC2 /* MyDinnerTests */ = {
			isa = PBXGroup;
			children = (
				D5903CD72B76B65F00450DC2 /* MyDinnerTests.swift */,
			);
			path = MyDinnerTests;
			sourceTree = "<group>";
		};
		D5903CE02B76B65F00450DC2 /* MyDinnerUITests */ = {
			isa = PBXGroup;
			children = (
				D5903CE12B76B65F00450DC2 /* MyDinnerUITests.swift */,
				D5903CE32B76B65F00450DC2 /* MyDinnerUITestsLaunchTests.swift */,
			);
			path = MyDinnerUITests;
			sourceTree = "<group>";
		};
		D5903CF02B76B68D00450DC2 /* Models */ = {
			isa = PBXGroup;
			children = (
				D5903CF92B76B85E00450DC2 /* CategoryModel.swift */,
			);
			path = Models;
			sourceTree = "<group>";
		};
		D5903CF12B76B6C500450DC2 /* ViewModels */ = {
			isa = PBXGroup;
			children = (
			);
			path = ViewModels;
			sourceTree = "<group>";
		};
		D5903CF22B76B6CD00450DC2 /* Views */ = {
			isa = PBXGroup;
			children = (
				D5903CF32B76B72900450DC2 /* ListView.swift */,
				D5903CF52B76B73E00450DC2 /* ListRowView.swift */,
				D5903CF72B76B75000450DC2 /* AddView.swift */,
			);
			path = Views;
			sourceTree = "<group>";
		};
/* End PBXGroup section */

/* Begin PBXNativeTarget section */
		D5903CC22B76B65C00450DC2 /* MyDinner */ = {
			isa = PBXNativeTarget;
			buildConfigurationList = D5903CE72B76B65F00450DC2 /* Build configuration list for PBXNativeTarget "MyDinner" */;
			buildPhases = (
				D5903CBF2B76B65C00450DC2 /* Sources */,
				D5903CC02B76B65C00450DC2 /* Frameworks */,
				D5903CC12B76B65C00450DC2 /* Resources */,
			);
			buildRules = (
			);
			dependencies = (
			);
			name = MyDinner;
			productName = MyDinner;
			productReference = D5903CC32B76B65C00450DC2 /* MyDinner.app */;
			productType = "com.apple.product-type.application";
		};
		D5903CD22B76B65F00450DC2 /* MyDinnerTests */ = {
			isa = PBXNativeTarget;
			buildConfigurationList = D5903CEA2B76B65F00450DC2 /* Build configuration list for PBXNativeTarget "MyDinnerTests" */;
			buildPhases = (
				D5903CCF2B76B65F00450DC2 /* Sources */,
				D5903CD02B76B65F00450DC2 /* Frameworks */,
				D5903CD12B76B65F00450DC2 /* Resources */,
			);
			buildRules = (
			);
			dependencies = (
				D5903CD52B76B65F00450DC2 /* PBXTargetDependency */,
			);
			name = MyDinnerTests;
			productName = MyDinnerTests;
			productReference = D5903CD32B76B65F00450DC2 /* MyDinnerTests.xctest */;
			productType = "com.apple.product-type.bundle.unit-test";
		};
		D5903CDC2B76B65F00450DC2 /* MyDinnerUITests */ = {
			isa = PBXNativeTarget;
			buildConfigurationList = D5903CED2B76B65F00450DC2 /* Build configuration list for PBXNativeTarget "MyDinnerUITests" */;
			buildPhases = (
				D5903CD92B76B65F00450DC2 /* Sources */,
				D5903CDA2B76B65F00450DC2 /* Frameworks */,
				D5903CDB2B76B65F00450DC2 /* Resources */,
			);
			buildRules = (
			);
			dependencies = (
				D5903CDF2B76B65F00450DC2 /* PBXTargetDependency */,
			);
			name = MyDinnerUITests;
			productName = MyDinnerUITests;
			productReference = D5903CDD2B76B65F00450DC2 /* MyDinnerUITests.xctest */;
			productType = "com.apple.product-type.bundle.ui-testing";
		};
/* End PBXNativeTarget section */

/* Begin PBXProject section */
		D5903CBB2B76B65C00450DC2 /* Project object */ = {
			isa = PBXProject;
			attributes = {
				BuildIndependentTargetsInParallel = 1;
				LastSwiftUpdateCheck = 1420;
				LastUpgradeCheck = 1420;
				TargetAttributes = {
					D5903CC22B76B65C00450DC2 = {
						CreatedOnToolsVersion = 14.2;
					};
					D5903CD22B76B65F00450DC2 = {
						CreatedOnToolsVersion = 14.2;
						TestTargetID = D5903CC22B76B65C00450DC2;
					};
					D5903CDC2B76B65F00450DC2 = {
						CreatedOnToolsVersion = 14.2;
						TestTargetID = D5903CC22B76B65C00450DC2;
					};
				};
			};
			buildConfigurationList = D5903CBE2B76B65C00450DC2 /* Build configuration list for PBXProject "MyDinner" */;
			compatibilityVersion = "Xcode 14.0";
			developmentRegion = en;
			hasScannedForEncodings = 0;
			knownRegions = (
				en,
				Base,
			);
			mainGroup = D5903CBA2B76B65C00450DC2;
			productRefGroup = D5903CC42B76B65C00450DC2 /* Products */;
			projectDirPath = "";
			projectRoot = "";
			targets = (
				D5903CC22B76B65C00450DC2 /* MyDinner */,
				D5903CD22B76B65F00450DC2 /* MyDinnerTests */,
				D5903CDC2B76B65F00450DC2 /* MyDinnerUITests */,
			);
		};
/* End PBXProject section */

/* Begin PBXResourcesBuildPhase section */
		D5903CC12B76B65C00450DC2 /* Resources */ = {
			isa = PBXResourcesBuildPhase;
			buildActionMask = 2147483647;
			files = (
				D5903CCE2B76B65E00450DC2 /* Preview Assets.xcassets in Resources */,
				D5903CCB2B76B65E00450DC2 /* Assets.xcassets in Resources */,
			);
			runOnlyForDeploymentPostprocessing = 0;
		};
		D5903CD12B76B65F00450DC2 /* Resources */ = {
			isa = PBXResourcesBuildPhase;
			buildActionMask = 2147483647;
			files = (
			);
			runOnlyForDeploymentPostprocessing = 0;
		};
		D5903CDB2B76B65F00450DC2 /* Resources */ = {
			isa = PBXResourcesBuildPhase;
			buildActionMask = 2147483647;
			files = (
			);
			runOnlyForDeploymentPostprocessing = 0;
		};
/* End PBXResourcesBuildPhase section */

/* Begin PBXSourcesBuildPhase section */
		D5903CBF2B76B65C00450DC2 /* Sources */ = {
			isa = PBXSourcesBuildPhase;
			buildActionMask = 2147483647;
			files = (
				D5903CFA2B76B85E00450DC2 /* CategoryModel.swift in Sources */,
				D5903CC72B76B65C00450DC2 /* MyDinnerApp.swift in Sources */,
				D5903CF82B76B75000450DC2 /* AddView.swift in Sources */,
				D5903CF42B76B72900450DC2 /* ListView.swift in Sources */,
				D5903CF62B76B73E00450DC2 /* ListRowView.swift in Sources */,
			);
			runOnlyForDeploymentPostprocessing = 0;
		};
		D5903CCF2B76B65F00450DC2 /* Sources */ = {
			isa = PBXSourcesBuildPhase;
			buildActionMask = 2147483647;
			files = (
				D5903CD82B76B65F00450DC2 /* MyDinnerTests.swift in Sources */,
			);
			runOnlyForDeploymentPostprocessing = 0;
		};
		D5903CD92B76B65F00450DC2 /* Sources */ = {
			isa = PBXSourcesBuildPhase;
			buildActionMask = 2147483647;
			files = (
				D5903CE42B76B65F00450DC2 /* MyDinnerUITestsLaunchTests.swift in Sources */,
				D5903CE22B76B65F00450DC2 /* MyDinnerUITests.swift in Sources */,
			);
			runOnlyForDeploymentPostprocessing = 0;
		};
/* End PBXSourcesBuildPhase section */

/* Begin PBXTargetDependency section */
		D5903CD52B76B65F00450DC2 /* PBXTargetDependency */ = {
			isa = PBXTargetDependency;
			target = D5903CC22B76B65C00450DC2 /* MyDinner */;
			targetProxy = D5903CD42B76B65F00450DC2 /* PBXContainerItemProxy */;
		};
		D5903CDF2B76B65F00450DC2 /* PBXTargetDependency */ = {
			isa = PBXTargetDependency;
			target = D5903CC22B76B65C00450DC2 /* MyDinner */;
			targetProxy = D5903CDE2B76B65F00450DC2 /* PBXContainerItemProxy */;
		};
/* End PBXTargetDependency section */

/* Begin XCBuildConfiguration section */
		D5903CE52B76B65F00450DC2 /* Debug */ = {
			isa = XCBuildConfiguration;
			buildSettings = {
				ALWAYS_SEARCH_USER_PATHS = NO;
				CLANG_ANALYZER_NONNULL = YES;
				CLANG_ANALYZER_NUMBER_OBJECT_CONVERSION = YES_AGGRESSIVE;
				CLANG_CXX_LANGUAGE_STANDARD = "gnu++20";
				CLANG_ENABLE_MODULES = YES;
				CLANG_ENABLE_OBJC_ARC = YES;
				CLANG_ENABLE_OBJC_WEAK = YES;
				CLANG_WARN_BLOCK_CAPTURE_AUTORELEASING = YES;
				CLANG_WARN_BOOL_CONVERSION = YES;
				CLANG_WARN_COMMA = YES;
				CLANG_WARN_CONSTANT_CONVERSION = YES;
				CLANG_WARN_DEPRECATED_OBJC_IMPLEMENTATIONS = YES;
				CLANG_WARN_DIRECT_OBJC_ISA_USAGE = YES_ERROR;
				CLANG_WARN_DOCUMENTATION_COMMENTS = YES;
				CLANG_WARN_EMPTY_BODY = YES;
				CLANG_WARN_ENUM_CONVERSION = YES;
				CLANG_WARN_INFINITE_RECURSION = YES;
				CLANG_WARN_INT_CONVERSION = YES;
				CLANG_WARN_NON_LITERAL_NULL_CONVERSION = YES;
				CLANG_WARN_OBJC_IMPLICIT_RETAIN_SELF = YES;
				CLANG_WARN_OBJC_LITERAL_CONVERSION = YES;
				CLANG_WARN_OBJC_ROOT_CLASS = YES_ERROR;
				CLANG_WARN_QUOTED_INCLUDE_IN_FRAMEWORK_HEADER = YES;
				CLANG_WARN_RANGE_LOOP_ANALYSIS = YES;
				CLANG_WARN_STRICT_PROTOTYPES = YES;
				CLANG_WARN_SUSPICIOUS_MOVE = YES;
				CLANG_WARN_UNGUARDED_AVAILABILITY = YES_AGGRESSIVE;
				CLANG_WARN_UNREACHABLE_CODE = YES;
				CLANG_WARN__DUPLICATE_METHOD_MATCH = YES;
				COPY_PHASE_STRIP = NO;
				DEBUG_INFORMATION_FORMAT = dwarf;
				ENABLE_STRICT_OBJC_MSGSEND = YES;
				ENABLE_TESTABILITY = YES;
				GCC_C_LANGUAGE_STANDARD = gnu11;
				GCC_DYNAMIC_NO_PIC = NO;
				GCC_NO_COMMON_BLOCKS = YES;
				GCC_OPTIMIZATION_LEVEL = 0;
				GCC_PREPROCESSOR_DEFINITIONS = (
					"DEBUG=1",
					"$(inherited)",
				);
				GCC_WARN_64_TO_32_BIT_CONVERSION = YES;
				GCC_WARN_ABOUT_RETURN_TYPE = YES_ERROR;
				GCC_WARN_UNDECLARED_SELECTOR = YES;
				GCC_WARN_UNINITIALIZED_AUTOS = YES_AGGRESSIVE;
				GCC_WARN_UNUSED_FUNCTION = YES;
				GCC_WARN_UNUSED_VARIABLE = YES;
				IPHONEOS_DEPLOYMENT_TARGET = 16.2;
				MTL_ENABLE_DEBUG_INFO = INCLUDE_SOURCE;
				MTL_FAST_MATH = YES;
				ONLY_ACTIVE_ARCH = YES;
				SDKROOT = iphoneos;
				SWIFT_ACTIVE_COMPILATION_CONDITIONS = DEBUG;
				SWIFT_OPTIMIZATION_LEVEL = "-Onone";
			};
			name = Debug;
		};
		D5903CE62B76B65F00450DC2 /* Release */ = {
			isa = XCBuildConfiguration;
			buildSettings = {
				ALWAYS_SEARCH_USER_PATHS = NO;
				CLANG_ANALYZER_NONNULL = YES;
				CLANG_ANALYZER_NUMBER_OBJECT_CONVERSION = YES_AGGRESSIVE;
				CLANG_CXX_LANGUAGE_STANDARD = "gnu++20";
				CLANG_ENABLE_MODULES = YES;
				CLANG_ENABLE_OBJC_ARC = YES;
				CLANG_ENABLE_OBJC_WEAK = YES;
				CLANG_WARN_BLOCK_CAPTURE_AUTORELEASING = YES;
				CLANG_WARN_BOOL_CONVERSION = YES;
				CLANG_WARN_COMMA = YES;
				CLANG_WARN_CONSTANT_CONVERSION = YES;
				CLANG_WARN_DEPRECATED_OBJC_IMPLEMENTATIONS = YES;
				CLANG_WARN_DIRECT_OBJC_ISA_USAGE = YES_ERROR;
				CLANG_WARN_DOCUMENTATION_COMMENTS = YES;
				CLANG_WARN_EMPTY_BODY = YES;
				CLANG_WARN_ENUM_CONVERSION = YES;
				CLANG_WARN_INFINITE_RECURSION = YES;
				CLANG_WARN_INT_CONVERSION = YES;
				CLANG_WARN_NON_LITERAL_NULL_CONVERSION = YES;
				CLANG_WARN_OBJC_IMPLICIT_RETAIN_SELF = YES;
				CLANG_WARN_OBJC_LITERAL_CONVERSION = YES;
				CLANG_WARN_OBJC_ROOT_CLASS = YES_ERROR;
				CLANG_WARN_QUOTED_INCLUDE_IN_FRAMEWORK_HEADER = YES;
				CLANG_WARN_RANGE_LOOP_ANALYSIS = YES;
				CLANG_WARN_STRICT_PROTOTYPES = YES;
				CLANG_WARN_SUSPICIOUS_MOVE = YES;
				CLANG_WARN_UNGUARDED_AVAILABILITY = YES_AGGRESSIVE;
				CLANG_WARN_UNREACHABLE_CODE = YES;
				CLANG_WARN__DUPLICATE_METHOD_MATCH = YES;
				COPY_PHASE_STRIP = NO;
				DEBUG_INFORMATION_FORMAT = "dwarf-with-dsym";
				ENABLE_NS_ASSERTIONS = NO;
				ENABLE_STRICT_OBJC_MSGSEND = YES;
				GCC_C_LANGUAGE_STANDARD = gnu11;
				GCC_NO_COMMON_BLOCKS = YES;
				GCC_WARN_64_TO_32_BIT_CONVERSION = YES;
				GCC_WARN_ABOUT_RETURN_TYPE = YES_ERROR;
				GCC_WARN_UNDECLARED_SELECTOR = YES;
				GCC_WARN_UNINITIALIZED_AUTOS = YES_AGGRESSIVE;
				GCC_WARN_UNUSED_FUNCTION = YES;
				GCC_WARN_UNUSED_VARIABLE = YES;
				IPHONEOS_DEPLOYMENT_TARGET = 16.2;
				MTL_ENABLE_DEBUG_INFO = NO;
				MTL_FAST_MATH = YES;
				SDKROOT = iphoneos;
				SWIFT_COMPILATION_MODE = wholemodule;
				SWIFT_OPTIMIZATION_LEVEL = "-O";
				VALIDATE_PRODUCT = YES;
			};
			name = Release;
		};
		D5903CE82B76B65F00450DC2 /* Debug */ = {
			isa = XCBuildConfiguration;
			buildSettings = {
				ASSETCATALOG_COMPILER_APPICON_NAME = AppIcon;
				ASSETCATALOG_COMPILER_GLOBAL_ACCENT_COLOR_NAME = AccentColor;
				CODE_SIGN_STYLE = Automatic;
				CURRENT_PROJECT_VERSION = 1;
				DEVELOPMENT_ASSET_PATHS = "\"MyDinner/Preview Content\"";
				ENABLE_PREVIEWS = YES;
				GENERATE_INFOPLIST_FILE = YES;
				INFOPLIST_KEY_UIApplicationSceneManifest_Generation = YES;
				INFOPLIST_KEY_UIApplicationSupportsIndirectInputEvents = YES;
				INFOPLIST_KEY_UILaunchScreen_Generation = YES;
				INFOPLIST_KEY_UISupportedInterfaceOrientations_iPad = "UIInterfaceOrientationPortrait UIInterfaceOrientationPortraitUpsideDown UIInterfaceOrientationLandscapeLeft UIInterfaceOrientationLandscapeRight";
				INFOPLIST_KEY_UISupportedInterfaceOrientations_iPhone = "UIInterfaceOrientationPortrait UIInterfaceOrientationLandscapeLeft UIInterfaceOrientationLandscapeRight";
				LD_RUNPATH_SEARCH_PATHS = (
					"$(inherited)",
					"@executable_path/Frameworks",
				);
				MARKETING_VERSION = 1.0;
				PRODUCT_BUNDLE_IDENTIFIER = Juhee.MyDinner;
				PRODUCT_NAME = "$(TARGET_NAME)";
				SWIFT_EMIT_LOC_STRINGS = YES;
				SWIFT_VERSION = 5.0;
				TARGETED_DEVICE_FAMILY = "1,2";
			};
			name = Debug;
		};
		D5903CE92B76B65F00450DC2 /* Release */ = {
			isa = XCBuildConfiguration;
			buildSettings = {
				ASSETCATALOG_COMPILER_APPICON_NAME = AppIcon;
				ASSETCATALOG_COMPILER_GLOBAL_ACCENT_COLOR_NAME = AccentColor;
				CODE_SIGN_STYLE = Automatic;
				CURRENT_PROJECT_VERSION = 1;
				DEVELOPMENT_ASSET_PATHS = "\"MyDinner/Preview Content\"";
				ENABLE_PREVIEWS = YES;
				GENERATE_INFOPLIST_FILE = YES;
				INFOPLIST_KEY_UIApplicationSceneManifest_Generation = YES;
				INFOPLIST_KEY_UIApplicationSupportsIndirectInputEvents = YES;
				INFOPLIST_KEY_UILaunchScreen_Generation = YES;
				INFOPLIST_KEY_UISupportedInterfaceOrientations_iPad = "UIInterfaceOrientationPortrait UIInterfaceOrientationPortraitUpsideDown UIInterfaceOrientationLandscapeLeft UIInterfaceOrientationLandscapeRight";
				INFOPLIST_KEY_UISupportedInterfaceOrientations_iPhone = "UIInterfaceOrientationPortrait UIInterfaceOrientationLandscapeLeft UIInterfaceOrientationLandscapeRight";
				LD_RUNPATH_SEARCH_PATHS = (
					"$(inherited)",
					"@executable_path/Frameworks",
				);
				MARKETING_VERSION = 1.0;
				PRODUCT_BUNDLE_IDENTIFIER = Juhee.MyDinner;
				PRODUCT_NAME = "$(TARGET_NAME)";
				SWIFT_EMIT_LOC_STRINGS = YES;
				SWIFT_VERSION = 5.0;
				TARGETED_DEVICE_FAMILY = "1,2";
			};
			name = Release;
		};
		D5903CEB2B76B65F00450DC2 /* Debug */ = {
			isa = XCBuildConfiguration;
			buildSettings = {
				ALWAYS_EMBED_SWIFT_STANDARD_LIBRARIES = YES;
				BUNDLE_LOADER = "$(TEST_HOST)";
				CODE_SIGN_STYLE = Automatic;
				CURRENT_PROJECT_VERSION = 1;
				GENERATE_INFOPLIST_FILE = YES;
				IPHONEOS_DEPLOYMENT_TARGET = 16.2;
				MARKETING_VERSION = 1.0;
				PRODUCT_BUNDLE_IDENTIFIER = Juhee.MyDinnerTests;
				PRODUCT_NAME = "$(TARGET_NAME)";
				SWIFT_EMIT_LOC_STRINGS = NO;
				SWIFT_VERSION = 5.0;
				TARGETED_DEVICE_FAMILY = "1,2";
				TEST_HOST = "$(BUILT_PRODUCTS_DIR)/MyDinner.app/$(BUNDLE_EXECUTABLE_FOLDER_PATH)/MyDinner";
			};
			name = Debug;
		};
		D5903CEC2B76B65F00450DC2 /* Release */ = {
			isa = XCBuildConfiguration;
			buildSettings = {
				ALWAYS_EMBED_SWIFT_STANDARD_LIBRARIES = YES;
				BUNDLE_LOADER = "$(TEST_HOST)";
				CODE_SIGN_STYLE = Automatic;
				CURRENT_PROJECT_VERSION = 1;
				GENERATE_INFOPLIST_FILE = YES;
				IPHONEOS_DEPLOYMENT_TARGET = 16.2;
				MARKETING_VERSION = 1.0;
				PRODUCT_BUNDLE_IDENTIFIER = Juhee.MyDinnerTests;
				PRODUCT_NAME = "$(TARGET_NAME)";
				SWIFT_EMIT_LOC_STRINGS = NO;
				SWIFT_VERSION = 5.0;
				TARGETED_DEVICE_FAMILY = "1,2";
				TEST_HOST = "$(BUILT_PRODUCTS_DIR)/MyDinner.app/$(BUNDLE_EXECUTABLE_FOLDER_PATH)/MyDinner";
			};
			name = Release;
		};
		D5903CEE2B76B65F00450DC2 /* Debug */ = {
			isa = XCBuildConfiguration;
			buildSettings = {
				ALWAYS_EMBED_SWIFT_STANDARD_LIBRARIES = YES;
				CODE_SIGN_STYLE = Automatic;
				CURRENT_PROJECT_VERSION = 1;
				GENERATE_INFOPLIST_FILE = YES;
				MARKETING_VERSION = 1.0;
				PRODUCT_BUNDLE_IDENTIFIER = Juhee.MyDinnerUITests;
				PRODUCT_NAME = "$(TARGET_NAME)";
				SWIFT_EMIT_LOC_STRINGS = NO;
				SWIFT_VERSION = 5.0;
				TARGETED_DEVICE_FAMILY = "1,2";
				TEST_TARGET_NAME = MyDinner;
			};
			name = Debug;
		};
		D5903CEF2B76B65F00450DC2 /* Release */ = {
			isa = XCBuildConfiguration;
			buildSettings = {
				ALWAYS_EMBED_SWIFT_STANDARD_LIBRARIES = YES;
				CODE_SIGN_STYLE = Automatic;
				CURRENT_PROJECT_VERSION = 1;
				GENERATE_INFOPLIST_FILE = YES;
				MARKETING_VERSION = 1.0;
				PRODUCT_BUNDLE_IDENTIFIER = Juhee.MyDinnerUITests;
				PRODUCT_NAME = "$(TARGET_NAME)";
				SWIFT_EMIT_LOC_STRINGS = NO;
				SWIFT_VERSION = 5.0;
				TARGETED_DEVICE_FAMILY = "1,2";
				TEST_TARGET_NAME = MyDinner;
			};
			name = Release;
		};
/* End XCBuildConfiguration section */

/* Begin XCConfigurationList section */
		D5903CBE2B76B65C00450DC2 /* Build configuration list for PBXProject "MyDinner" */ = {
			isa = XCConfigurationList;
			buildConfigurations = (
				D5903CE52B76B65F00450DC2 /* Debug */,
				D5903CE62B76B65F00450DC2 /* Release */,
			);
			defaultConfigurationIsVisible = 0;
			defaultConfigurationName = Release;
		};
		D5903CE72B76B65F00450DC2 /* Build configuration list for PBXNativeTarget "MyDinner" */ = {
			isa = XCConfigurationList;
			buildConfigurations = (
				D5903CE82B76B65F00450DC2 /* Debug */,
				D5903CE92B76B65F00450DC2 /* Release */,
			);
			defaultConfigurationIsVisible = 0;
			defaultConfigurationName = Release;
		};
		D5903CEA2B76B65F00450DC2 /* Build configuration list for PBXNativeTarget "MyDinnerTests" */ = {
			isa = XCConfigurationList;
			buildConfigurations = (
				D5903CEB2B76B65F00450DC2 /* Debug */,
				D5903CEC2B76B65F00450DC2 /* Release */,
			);
			defaultConfigurationIsVisible = 0;
			defaultConfigurationName = Release;
		};
		D5903CED2B76B65F00450DC2 /* Build configuration list for PBXNativeTarget "MyDinnerUITests" */ = {
			isa = XCConfigurationList;
			buildConfigurations = (
				D5903CEE2B76B65F00450DC2 /* Debug */,
				D5903CEF2B76B65F00450DC2 /* Release */,
			);
			defaultConfigurationIsVisible = 0;
			defaultConfigurationName = Release;
		};
/* End XCConfigurationList section */
	};
	rootObject = D5903CBB2B76B65C00450DC2 /* Project object */;
}
